
Microsoft Visual Studio Solution File, Format Version 12.00
# Visual Studio Version 17
VisualStudioVersion = 17.1.32228.430
MinimumVisualStudioVersion = 10.0.40219.1
Project("{2150E333-8FDC-42A3-9474-1A3956D46DE8}") = "Empty", "Empty", "{EEC12B13-41D8-48A2-B428-866E0F4CE96A}"
EndProject
Project("{9A19103F-16F7-4668-BE54-9A1E7A4F7556}") = "EmptyCompany.EmptyServer", "examples\Empty\EmptyServer\EmptyCompany.EmptyServer.csproj", "{E4729DC9-9A52-4F4E-9C07-7F1662227F8C}"
EndProject
Project("{2150E333-8FDC-42A3-9474-1A3956D46DE8}") = "Base", "Base", "{9A23A8F6-838D-4C36-AD12-F92737C97CD6}"
EndProject
Project("{9A19103F-16F7-4668-BE54-9A1E7A4F7556}") = "SampleCompany.SampleServer", "examples\Base\SampleServer\SampleCompany.SampleServer.csproj", "{6DDA49C1-3F3B-40A9-8FDA-7B0255E97CCA}"
EndProject
Project("{2150E333-8FDC-42A3-9474-1A3956D46DE8}") = "DataTypes", "DataTypes", "{E4311FDB-55F9-4C07-B327-2FC88C78598A}"
EndProject
Project("{9A19103F-16F7-4668-BE54-9A1E7A4F7556}") = "SampleCompany.SampleServer", "examples\DataTypes\SampleServer\SampleCompany.SampleServer.csproj", "{E7C20911-FFC5-44B3-AA30-155F0703BD8F}"
EndProject
Project("{2150E333-8FDC-42A3-9474-1A3956D46DE8}") = "UserAuthentication", "UserAuthentication", "{72A1D946-D259-4020-80D9-EF8B54D15F5A}"
EndProject
Project("{9A19103F-16F7-4668-BE54-9A1E7A4F7556}") = "SampleCompany.SampleServer", "examples\UserAuthentication\SampleServer\SampleCompany.SampleServer.csproj", "{1A4E042C-26BC-4BEA-954B-D528140E25E6}"
EndProject
Project("{2150E333-8FDC-42A3-9474-1A3956D46DE8}") = "ReverseConnect", "ReverseConnect", "{44CC86E9-C9DC-4AAE-9001-43146418870F}"
EndProject
Project("{9A19103F-16F7-4668-BE54-9A1E7A4F7556}") = "SampleCompany.SampleServer", "examples\ReverseConnect\SampleServer\SampleCompany.SampleServer.csproj", "{EAAC3893-AF01-4321-919B-F8F03DD39C26}"
EndProject
Project("{2150E333-8FDC-42A3-9474-1A3956D46DE8}") = "SimpleEvents", "SimpleEvents", "{05C70566-8C3A-4235-8AC8-C5C85C2D41BB}"
EndProject
Project("{9A19103F-16F7-4668-BE54-9A1E7A4F7556}") = "SampleCompany.SampleServer", "examples\SimpleEvents\SampleServer\SampleCompany.SampleServer.csproj", "{61BCD950-706D-43C6-A722-9C449016E01E}"
EndProject
Project("{2150E333-8FDC-42A3-9474-1A3956D46DE8}") = "Templates", "Templates", "{C38CDDF4-9978-40AB-A6C1-49F4A0E17085}"
EndProject
Project("{2150E333-8FDC-42A3-9474-1A3956D46DE8}") = "BaseModel", "BaseModel", "{03F80652-56E0-4281-AD79-6DD319313C0A}"
EndProject
Project("{9A19103F-16F7-4668-BE54-9A1E7A4F7556}") = "SampleCompany.SampleServer", "examples\BaseModel\SampleServer\SampleCompany.SampleServer.csproj", "{7A54A1B2-B817-48FB-BCCB-47CAA3E4D0C3}"
EndProject
Project("{2150E333-8FDC-42A3-9474-1A3956D46DE8}") = "HistoricalAccess", "HistoricalAccess", "{1B4C146E-A910-4759-9978-D3422285996D}"
EndProject
Project("{9A19103F-16F7-4668-BE54-9A1E7A4F7556}") = "SampleCompany.SampleServer", "examples\HistoricalAccess\SampleServer\SampleCompany.SampleServer.csproj", "{363EEDA3-C6D4-4E85-B860-8F1921957970}"
EndProject
Project("{9A19103F-16F7-4668-BE54-9A1E7A4F7556}") = "SampleCompany.SampleClient", "examples\Base\SampleClient\SampleCompany.SampleClient.csproj", "{5F36D56E-07B0-46C6-BFB1-AC4E380F86AF}"
EndProject
Project("{9A19103F-16F7-4668-BE54-9A1E7A4F7556}") = "EmptyCompany.EmptyClient", "examples\Empty\EmptyClient\EmptyCompany.EmptyClient.csproj", "{F58DCE66-D341-479A-ADA4-C4C845B7F404}"
EndProject
Project("{2150E333-8FDC-42A3-9474-1A3956D46DE8}") = "Simulation", "Simulation", "{69BE4B40-E6D2-4A20-9B6E-C74F661990CD}"
EndProject
Project("{9A19103F-16F7-4668-BE54-9A1E7A4F7556}") = "SampleCompany.SampleServer", "examples\Simulation\SampleServer\SampleCompany.SampleServer.csproj", "{011D3CC8-BB96-456F-973A-F7BF5CE82637}"
EndProject
Project("{9A19103F-16F7-4668-BE54-9A1E7A4F7556}") = "SampleCompany.SampleClient", "examples\Simulation\SampleClient\SampleCompany.SampleClient.csproj", "{EDA299F8-AB14-4C9A-9C6B-919EBCBBC2A4}"
EndProject
Global
	GlobalSection(SolutionConfigurationPlatforms) = preSolution
		Debug|Any CPU = Debug|Any CPU
		Release|Any CPU = Release|Any CPU
	EndGlobalSection
	GlobalSection(ProjectConfigurationPlatforms) = postSolution
		{E4729DC9-9A52-4F4E-9C07-7F1662227F8C}.Debug|Any CPU.ActiveCfg = Debug|Any CPU
		{E4729DC9-9A52-4F4E-9C07-7F1662227F8C}.Debug|Any CPU.Build.0 = Debug|Any CPU
		{E4729DC9-9A52-4F4E-9C07-7F1662227F8C}.Release|Any CPU.ActiveCfg = Release|Any CPU
		{E4729DC9-9A52-4F4E-9C07-7F1662227F8C}.Release|Any CPU.Build.0 = Release|Any CPU
		{6DDA49C1-3F3B-40A9-8FDA-7B0255E97CCA}.Debug|Any CPU.ActiveCfg = Debug|Any CPU
		{6DDA49C1-3F3B-40A9-8FDA-7B0255E97CCA}.Debug|Any CPU.Build.0 = Debug|Any CPU
		{6DDA49C1-3F3B-40A9-8FDA-7B0255E97CCA}.Release|Any CPU.ActiveCfg = Release|Any CPU
		{6DDA49C1-3F3B-40A9-8FDA-7B0255E97CCA}.Release|Any CPU.Build.0 = Release|Any CPU
		{E7C20911-FFC5-44B3-AA30-155F0703BD8F}.Debug|Any CPU.ActiveCfg = Debug|Any CPU
		{E7C20911-FFC5-44B3-AA30-155F0703BD8F}.Debug|Any CPU.Build.0 = Debug|Any CPU
		{E7C20911-FFC5-44B3-AA30-155F0703BD8F}.Release|Any CPU.ActiveCfg = Release|Any CPU
		{E7C20911-FFC5-44B3-AA30-155F0703BD8F}.Release|Any CPU.Build.0 = Release|Any CPU
		{1A4E042C-26BC-4BEA-954B-D528140E25E6}.Debug|Any CPU.ActiveCfg = Debug|Any CPU
		{1A4E042C-26BC-4BEA-954B-D528140E25E6}.Debug|Any CPU.Build.0 = Debug|Any CPU
		{1A4E042C-26BC-4BEA-954B-D528140E25E6}.Release|Any CPU.ActiveCfg = Release|Any CPU
		{1A4E042C-26BC-4BEA-954B-D528140E25E6}.Release|Any CPU.Build.0 = Release|Any CPU
		{EAAC3893-AF01-4321-919B-F8F03DD39C26}.Debug|Any CPU.ActiveCfg = Debug|Any CPU
		{EAAC3893-AF01-4321-919B-F8F03DD39C26}.Debug|Any CPU.Build.0 = Debug|Any CPU
		{EAAC3893-AF01-4321-919B-F8F03DD39C26}.Release|Any CPU.ActiveCfg = Release|Any CPU
		{EAAC3893-AF01-4321-919B-F8F03DD39C26}.Release|Any CPU.Build.0 = Release|Any CPU
		{61BCD950-706D-43C6-A722-9C449016E01E}.Debug|Any CPU.ActiveCfg = Debug|Any CPU
		{61BCD950-706D-43C6-A722-9C449016E01E}.Debug|Any CPU.Build.0 = Debug|Any CPU
		{61BCD950-706D-43C6-A722-9C449016E01E}.Release|Any CPU.ActiveCfg = Release|Any CPU
		{61BCD950-706D-43C6-A722-9C449016E01E}.Release|Any CPU.Build.0 = Release|Any CPU
		{7A54A1B2-B817-48FB-BCCB-47CAA3E4D0C3}.Debug|Any CPU.ActiveCfg = Debug|Any CPU
		{7A54A1B2-B817-48FB-BCCB-47CAA3E4D0C3}.Debug|Any CPU.Build.0 = Debug|Any CPU
		{7A54A1B2-B817-48FB-BCCB-47CAA3E4D0C3}.Release|Any CPU.ActiveCfg = Release|Any CPU
		{7A54A1B2-B817-48FB-BCCB-47CAA3E4D0C3}.Release|Any CPU.Build.0 = Release|Any CPU
		{363EEDA3-C6D4-4E85-B860-8F1921957970}.Debug|Any CPU.ActiveCfg = Debug|Any CPU
		{363EEDA3-C6D4-4E85-B860-8F1921957970}.Debug|Any CPU.Build.0 = Debug|Any CPU
		{363EEDA3-C6D4-4E85-B860-8F1921957970}.Release|Any CPU.ActiveCfg = Release|Any CPU
		{363EEDA3-C6D4-4E85-B860-8F1921957970}.Release|Any CPU.Build.0 = Release|Any CPU
		{5F36D56E-07B0-46C6-BFB1-AC4E380F86AF}.Debug|Any CPU.ActiveCfg = Debug|Any CPU
		{5F36D56E-07B0-46C6-BFB1-AC4E380F86AF}.Debug|Any CPU.Build.0 = Debug|Any CPU
		{5F36D56E-07B0-46C6-BFB1-AC4E380F86AF}.Release|Any CPU.ActiveCfg = Release|Any CPU
		{5F36D56E-07B0-46C6-BFB1-AC4E380F86AF}.Release|Any CPU.Build.0 = Release|Any CPU
		{F58DCE66-D341-479A-ADA4-C4C845B7F404}.Debug|Any CPU.ActiveCfg = Debug|Any CPU
		{F58DCE66-D341-479A-ADA4-C4C845B7F404}.Debug|Any CPU.Build.0 = Debug|Any CPU
		{F58DCE66-D341-479A-ADA4-C4C845B7F404}.Release|Any CPU.ActiveCfg = Release|Any CPU
		{F58DCE66-D341-479A-ADA4-C4C845B7F404}.Release|Any CPU.Build.0 = Release|Any CPU
		{011D3CC8-BB96-456F-973A-F7BF5CE82637}.Debug|Any CPU.ActiveCfg = Debug|Any CPU
		{011D3CC8-BB96-456F-973A-F7BF5CE82637}.Debug|Any CPU.Build.0 = Debug|Any CPU
		{011D3CC8-BB96-456F-973A-F7BF5CE82637}.Release|Any CPU.ActiveCfg = Release|Any CPU
		{011D3CC8-BB96-456F-973A-F7BF5CE82637}.Release|Any CPU.Build.0 = Release|Any CPU
		{EDA299F8-AB14-4C9A-9C6B-919EBCBBC2A4}.Debug|Any CPU.ActiveCfg = Debug|Any CPU
		{EDA299F8-AB14-4C9A-9C6B-919EBCBBC2A4}.Debug|Any CPU.Build.0 = Debug|Any CPU
		{EDA299F8-AB14-4C9A-9C6B-919EBCBBC2A4}.Release|Any CPU.ActiveCfg = Release|Any CPU
		{EDA299F8-AB14-4C9A-9C6B-919EBCBBC2A4}.Release|Any CPU.Build.0 = Release|Any CPU
	EndGlobalSection
	GlobalSection(SolutionProperties) = preSolution
		HideSolutionNode = FALSE
	EndGlobalSection
	GlobalSection(NestedProjects) = preSolution
		{EEC12B13-41D8-48A2-B428-866E0F4CE96A} = {C38CDDF4-9978-40AB-A6C1-49F4A0E17085}
		{E4729DC9-9A52-4F4E-9C07-7F1662227F8C} = {EEC12B13-41D8-48A2-B428-866E0F4CE96A}
		{9A23A8F6-838D-4C36-AD12-F92737C97CD6} = {C38CDDF4-9978-40AB-A6C1-49F4A0E17085}
		{6DDA49C1-3F3B-40A9-8FDA-7B0255E97CCA} = {9A23A8F6-838D-4C36-AD12-F92737C97CD6}
		{E7C20911-FFC5-44B3-AA30-155F0703BD8F} = {E4311FDB-55F9-4C07-B327-2FC88C78598A}
		{1A4E042C-26BC-4BEA-954B-D528140E25E6} = {72A1D946-D259-4020-80D9-EF8B54D15F5A}
		{EAAC3893-AF01-4321-919B-F8F03DD39C26} = {44CC86E9-C9DC-4AAE-9001-43146418870F}
		{61BCD950-706D-43C6-A722-9C449016E01E} = {05C70566-8C3A-4235-8AC8-C5C85C2D41BB}
		{03F80652-56E0-4281-AD79-6DD319313C0A} = {C38CDDF4-9978-40AB-A6C1-49F4A0E17085}
		{7A54A1B2-B817-48FB-BCCB-47CAA3E4D0C3} = {03F80652-56E0-4281-AD79-6DD319313C0A}
		{363EEDA3-C6D4-4E85-B860-8F1921957970} = {1B4C146E-A910-4759-9978-D3422285996D}
		{5F36D56E-07B0-46C6-BFB1-AC4E380F86AF} = {9A23A8F6-838D-4C36-AD12-F92737C97CD6}
		{F58DCE66-D341-479A-ADA4-C4C845B7F404} = {EEC12B13-41D8-48A2-B428-866E0F4CE96A}
		{011D3CC8-BB96-456F-973A-F7BF5CE82637} = {69BE4B40-E6D2-4A20-9B6E-C74F661990CD}
		{EDA299F8-AB14-4C9A-9C6B-919EBCBBC2A4} = {69BE4B40-E6D2-4A20-9B6E-C74F661990CD}
	EndGlobalSection
	GlobalSection(ExtensibilityGlobals) = postSolution
		SolutionGuid = {519D77B6-EA9C-4A11-8248-ABCC01FD533C}
	EndGlobalSection
EndGlobal
