
Microsoft Visual Studio Solution File, Format Version 12.00
# Visual Studio Version 16
VisualStudioVersion = 16.0.28803.452
MinimumVisualStudioVersion = 10.0.40219.1
Project("{2150E333-8FDC-42A3-9474-1A3956D46DE8}") = "Empty", "Empty", "{EEC12B13-41D8-48A2-B428-866E0F4CE96A}"
EndProject
Project("{9A19103F-16F7-4668-BE54-9A1E7A4F7556}") = "EmptyCompany.EmptyServer", "examples\Empty\EmptyServer\EmptyCompany.EmptyServer.csproj", "{E4729DC9-9A52-4F4E-9C07-7F1662227F8C}"
EndProject
Global
	GlobalSection(SolutionConfigurationPlatforms) = preSolution
		Debug|Any CPU = Debug|Any CPU
		Release|Any CPU = Release|Any CPU
	EndGlobalSection
	GlobalSection(ProjectConfigurationPlatforms) = postSolution
		{E4729DC9-9A52-4F4E-9C07-7F1662227F8C}.Debug|Any CPU.ActiveCfg = Debug|Any CPU
		{E4729DC9-9A52-4F4E-9C07-7F1662227F8C}.Debug|Any CPU.Build.0 = Debug|Any CPU
		{E4729DC9-9A52-4F4E-9C07-7F1662227F8C}.Release|Any CPU.ActiveCfg = Release|Any CPU
		{E4729DC9-9A52-4F4E-9C07-7F1662227F8C}.Release|Any CPU.Build.0 = Release|Any CPU
	EndGlobalSection
	GlobalSection(SolutionProperties) = preSolution
		HideSolutionNode = FALSE
	EndGlobalSection
	GlobalSection(NestedProjects) = preSolution
		{E4729DC9-9A52-4F4E-9C07-7F1662227F8C} = {EEC12B13-41D8-48A2-B428-866E0F4CE96A}
	EndGlobalSection
	GlobalSection(ExtensibilityGlobals) = postSolution
		SolutionGuid = {519D77B6-EA9C-4A11-8248-ABCC01FD533C}
	EndGlobalSection
EndGlobal
