
Microsoft Visual Studio Solution File, Format Version 12.00
# Visual Studio Version 17
VisualStudioVersion = 17.1.32228.430
MinimumVisualStudioVersion = 10.0.40219.1
Project("{2150E333-8FDC-42A3-9474-1A3956D46DE8}") = "UaBaseServer", "UaBaseServer", "{B0B08F53-D926-4FCA-A3B5-132CB15E4B3F}"
EndProject
Project("{9A19103F-16F7-4668-BE54-9A1E7A4F7556}") = "Technosoftware.UaBaseServer", "src\Technosoftware\UaBaseServer\Technosoftware.UaBaseServer.csproj", "{42BB13EA-B928-42FD-ADD9-844D58D232AA}"
EndProject
Global
	GlobalSection(SolutionConfigurationPlatforms) = preSolution
		Debug|Any CPU = Debug|Any CPU
		Release|Any CPU = Release|Any CPU
	EndGlobalSection
	GlobalSection(ProjectConfigurationPlatforms) = postSolution
		{42BB13EA-B928-42FD-ADD9-844D58D232AA}.Debug|Any CPU.ActiveCfg = Debug|Any CPU
		{42BB13EA-B928-42FD-ADD9-844D58D232AA}.Debug|Any CPU.Build.0 = Debug|Any CPU
		{42BB13EA-B928-42FD-ADD9-844D58D232AA}.Release|Any CPU.ActiveCfg = Release|Any CPU
		{42BB13EA-B928-42FD-ADD9-844D58D232AA}.Release|Any CPU.Build.0 = Release|Any CPU
	EndGlobalSection
	GlobalSection(SolutionProperties) = preSolution
		HideSolutionNode = FALSE
	EndGlobalSection
	GlobalSection(NestedProjects) = preSolution
		{42BB13EA-B928-42FD-ADD9-844D58D232AA} = {B0B08F53-D926-4FCA-A3B5-132CB15E4B3F}
	EndGlobalSection
	GlobalSection(ExtensibilityGlobals) = postSolution
		SolutionGuid = {519D77B6-EA9C-4A11-8248-ABCC01FD533C}
	EndGlobalSection
EndGlobal
